// !$*UTF8*$!
{
	archiveVersion = 1;
	classes = {
	};
	objectVersion = 48;
	objects = {

/* Begin PBXBuildFile section */
		7A722242207D3C9900AE5F2F /* main.m in Sources */ = {isa = PBXBuildFile; fileRef = 7A722241207D3C9900AE5F2F /* main.m */; };
		7A72224A207D411500AE5F2F /* Question.m in Sources */ = {isa = PBXBuildFile; fileRef = 7A722249207D411500AE5F2F /* Question.m */; };
		7A72224D207D537500AE5F2F /* InputHandler.m in Sources */ = {isa = PBXBuildFile; fileRef = 7A72224C207D537500AE5F2F /* InputHandler.m */; };
		7A722250207D5B2600AE5F2F /* ScoreKeeper.m in Sources */ = {isa = PBXBuildFile; fileRef = 7A72224F207D5B2600AE5F2F /* ScoreKeeper.m */; };
		7AF83AEA207E8AE4005B3873 /* QuestionManager.m in Sources */ = {isa = PBXBuildFile; fileRef = 7AF83AE9207E8AE4005B3873 /* QuestionManager.m */; };
		7AF83AF0207E938A005B3873 /* AdditionQuestion.m in Sources */ = {isa = PBXBuildFile; fileRef = 7AF83AEF207E938A005B3873 /* AdditionQuestion.m */; };
		7AF83AF3207E9397005B3873 /* SubtractionQuestion.m in Sources */ = {isa = PBXBuildFile; fileRef = 7AF83AF2207E9397005B3873 /* SubtractionQuestion.m */; };
		7AF83AF6207E9893005B3873 /* QuestionFactory.m in Sources */ = {isa = PBXBuildFile; fileRef = 7AF83AF5207E9893005B3873 /* QuestionFactory.m */; };
		7AF83AF9207EA00D005B3873 /* MultiplicationQuestion.m in Sources */ = {isa = PBXBuildFile; fileRef = 7AF83AF8207EA00D005B3873 /* MultiplicationQuestion.m */; };
/* End PBXBuildFile section */

/* Begin PBXCopyFilesBuildPhase section */
		7A72223C207D3C9900AE5F2F /* CopyFiles */ = {
			isa = PBXCopyFilesBuildPhase;
			buildActionMask = 2147483647;
			dstPath = /usr/share/man/man1/;
			dstSubfolderSpec = 0;
			files = (
			);
			runOnlyForDeploymentPostprocessing = 1;
		};
/* End PBXCopyFilesBuildPhase section */

/* Begin PBXFileReference section */
		7A72223E207D3C9900AE5F2F /* Maths */ = {isa = PBXFileReference; explicitFileType = "compiled.mach-o.executable"; includeInIndex = 0; path = Maths; sourceTree = BUILT_PRODUCTS_DIR; };
		7A722241207D3C9900AE5F2F /* main.m */ = {isa = PBXFileReference; lastKnownFileType = sourcecode.c.objc; path = main.m; sourceTree = "<group>"; };
		7A722248207D411500AE5F2F /* Question.h */ = {isa = PBXFileReference; lastKnownFileType = sourcecode.c.h; path = Question.h; sourceTree = "<group>"; };
		7A722249207D411500AE5F2F /* Question.m */ = {isa = PBXFileReference; lastKnownFileType = sourcecode.c.objc; path = Question.m; sourceTree = "<group>"; };
		7A72224B207D537500AE5F2F /* InputHandler.h */ = {isa = PBXFileReference; lastKnownFileType = sourcecode.c.h; path = InputHandler.h; sourceTree = "<group>"; };
		7A72224C207D537500AE5F2F /* InputHandler.m */ = {isa = PBXFileReference; lastKnownFileType = sourcecode.c.objc; path = InputHandler.m; sourceTree = "<group>"; };
		7A72224E207D5B2600AE5F2F /* ScoreKeeper.h */ = {isa = PBXFileReference; lastKnownFileType = sourcecode.c.h; path = ScoreKeeper.h; sourceTree = "<group>"; };
		7A72224F207D5B2600AE5F2F /* ScoreKeeper.m */ = {isa = PBXFileReference; lastKnownFileType = sourcecode.c.objc; path = ScoreKeeper.m; sourceTree = "<group>"; };
		7AF83AE8207E8AE4005B3873 /* QuestionManager.h */ = {isa = PBXFileReference; lastKnownFileType = sourcecode.c.h; path = QuestionManager.h; sourceTree = "<group>"; };
		7AF83AE9207E8AE4005B3873 /* QuestionManager.m */ = {isa = PBXFileReference; lastKnownFileType = sourcecode.c.objc; path = QuestionManager.m; sourceTree = "<group>"; };
		7AF83AEE207E938A005B3873 /* AdditionQuestion.h */ = {isa = PBXFileReference; lastKnownFileType = sourcecode.c.h; path = AdditionQuestion.h; sourceTree = "<group>"; };
		7AF83AEF207E938A005B3873 /* AdditionQuestion.m */ = {isa = PBXFileReference; lastKnownFileType = sourcecode.c.objc; path = AdditionQuestion.m; sourceTree = "<group>"; };
		7AF83AF1207E9397005B3873 /* SubtractionQuestion.h */ = {isa = PBXFileReference; lastKnownFileType = sourcecode.c.h; path = SubtractionQuestion.h; sourceTree = "<group>"; };
		7AF83AF2207E9397005B3873 /* SubtractionQuestion.m */ = {isa = PBXFileReference; lastKnownFileType = sourcecode.c.objc; path = SubtractionQuestion.m; sourceTree = "<group>"; };
		7AF83AF4207E9893005B3873 /* QuestionFactory.h */ = {isa = PBXFileReference; lastKnownFileType = sourcecode.c.h; path = QuestionFactory.h; sourceTree = "<group>"; };
		7AF83AF5207E9893005B3873 /* QuestionFactory.m */ = {isa = PBXFileReference; lastKnownFileType = sourcecode.c.objc; path = QuestionFactory.m; sourceTree = "<group>"; };
		7AF83AF7207EA00D005B3873 /* MultiplicationQuestion.h */ = {isa = PBXFileReference; lastKnownFileType = sourcecode.c.h; path = MultiplicationQuestion.h; sourceTree = "<group>"; };
		7AF83AF8207EA00D005B3873 /* MultiplicationQuestion.m */ = {isa = PBXFileReference; lastKnownFileType = sourcecode.c.objc; path = MultiplicationQuestion.m; sourceTree = "<group>"; };
/* End PBXFileReference section */

/* Begin PBXFrameworksBuildPhase section */
		7A72223B207D3C9900AE5F2F /* Frameworks */ = {
			isa = PBXFrameworksBuildPhase;
			buildActionMask = 2147483647;
			files = (
			);
			runOnlyForDeploymentPostprocessing = 0;
		};
/* End PBXFrameworksBuildPhase section */

/* Begin PBXGroup section */
		7A722235207D3C9900AE5F2F = {
			isa = PBXGroup;
			children = (
				7A722240207D3C9900AE5F2F /* Maths */,
				7A72223F207D3C9900AE5F2F /* Products */,
			);
			sourceTree = "<group>";
		};
		7A72223F207D3C9900AE5F2F /* Products */ = {
			isa = PBXGroup;
			children = (
				7A72223E207D3C9900AE5F2F /* Maths */,
			);
			name = Products;
			sourceTree = "<group>";
		};
		7A722240207D3C9900AE5F2F /* Maths */ = {
			isa = PBXGroup;
			children = (
				7A722241207D3C9900AE5F2F /* main.m */,
				7A722248207D411500AE5F2F /* Question.h */,
				7A722249207D411500AE5F2F /* Question.m */,
				7A72224B207D537500AE5F2F /* InputHandler.h */,
				7A72224C207D537500AE5F2F /* InputHandler.m */,
				7A72224E207D5B2600AE5F2F /* ScoreKeeper.h */,
				7A72224F207D5B2600AE5F2F /* ScoreKeeper.m */,
				7AF83AE8207E8AE4005B3873 /* QuestionManager.h */,
				7AF83AE9207E8AE4005B3873 /* QuestionManager.m */,
				7AF83AEE207E938A005B3873 /* AdditionQuestion.h */,
				7AF83AEF207E938A005B3873 /* AdditionQuestion.m */,
				7AF83AF1207E9397005B3873 /* SubtractionQuestion.h */,
				7AF83AF2207E9397005B3873 /* SubtractionQuestion.m */,
				7AF83AF4207E9893005B3873 /* QuestionFactory.h */,
				7AF83AF5207E9893005B3873 /* QuestionFactory.m */,
				7AF83AF7207EA00D005B3873 /* MultiplicationQuestion.h */,
				7AF83AF8207EA00D005B3873 /* MultiplicationQuestion.m */,
			);
			path = Maths;
			sourceTree = "<group>";
		};
/* End PBXGroup section */

/* Begin PBXNativeTarget section */
		7A72223D207D3C9900AE5F2F /* Maths */ = {
			isa = PBXNativeTarget;
			buildConfigurationList = 7A722245207D3C9900AE5F2F /* Build configuration list for PBXNativeTarget "Maths" */;
			buildPhases = (
				7A72223A207D3C9900AE5F2F /* Sources */,
				7A72223B207D3C9900AE5F2F /* Frameworks */,
				7A72223C207D3C9900AE5F2F /* CopyFiles */,
			);
			buildRules = (
			);
			dependencies = (
			);
			name = Maths;
			productName = Maths;
			productReference = 7A72223E207D3C9900AE5F2F /* Maths */;
			productType = "com.apple.product-type.tool";
		};
/* End PBXNativeTarget section */

/* Begin PBXProject section */
		7A722236207D3C9900AE5F2F /* Project object */ = {
			isa = PBXProject;
			attributes = {
				LastUpgradeCheck = 0920;
				ORGANIZATIONNAME = "Brian Vo";
				TargetAttributes = {
					7A72223D207D3C9900AE5F2F = {
						CreatedOnToolsVersion = 9.2;
						ProvisioningStyle = Automatic;
					};
				};
			};
			buildConfigurationList = 7A722239207D3C9900AE5F2F /* Build configuration list for PBXProject "Maths" */;
			compatibilityVersion = "Xcode 8.0";
			developmentRegion = en;
			hasScannedForEncodings = 0;
			knownRegions = (
				en,
			);
			mainGroup = 7A722235207D3C9900AE5F2F;
			productRefGroup = 7A72223F207D3C9900AE5F2F /* Products */;
			projectDirPath = "";
			projectRoot = "";
			targets = (
				7A72223D207D3C9900AE5F2F /* Maths */,
			);
		};
/* End PBXProject section */

/* Begin PBXSourcesBuildPhase section */
		7A72223A207D3C9900AE5F2F /* Sources */ = {
			isa = PBXSourcesBuildPhase;
			buildActionMask = 2147483647;
			files = (
				7AF83AEA207E8AE4005B3873 /* QuestionManager.m in Sources */,
				7AF83AF0207E938A005B3873 /* AdditionQuestion.m in Sources */,
				7AF83AF3207E9397005B3873 /* SubtractionQuestion.m in Sources */,
				7A722250207D5B2600AE5F2F /* ScoreKeeper.m in Sources */,
				7AF83AF6207E9893005B3873 /* QuestionFactory.m in Sources */,
				7A722242207D3C9900AE5F2F /* main.m in Sources */,
				7AF83AF9207EA00D005B3873 /* MultiplicationQuestion.m in Sources */,
				7A72224D207D537500AE5F2F /* InputHandler.m in Sources */,
				7A72224A207D411500AE5F2F /* Question.m in Sources */,
			);
			runOnlyForDeploymentPostprocessing = 0;
		};
/* End PBXSourcesBuildPhase section */

/* Begin XCBuildConfiguration section */
		7A722243207D3C9900AE5F2F /* Debug */ = {
			isa = XCBuildConfiguration;
			buildSettings = {
				ALWAYS_SEARCH_USER_PATHS = NO;
				CLANG_ANALYZER_NONNULL = YES;
				CLANG_ANALYZER_NUMBER_OBJECT_CONVERSION = YES_AGGRESSIVE;
				CLANG_CXX_LANGUAGE_STANDARD = "gnu++14";
				CLANG_CXX_LIBRARY = "libc++";
				CLANG_ENABLE_MODULES = YES;
				CLANG_ENABLE_OBJC_ARC = YES;
				CLANG_WARN_BLOCK_CAPTURE_AUTORELEASING = YES;
				CLANG_WARN_BOOL_CONVERSION = YES;
				CLANG_WARN_COMMA = YES;
				CLANG_WARN_CONSTANT_CONVERSION = YES;
				CLANG_WARN_DIRECT_OBJC_ISA_USAGE = YES_ERROR;
				CLANG_WARN_DOCUMENTATION_COMMENTS = YES;
				CLANG_WARN_EMPTY_BODY = YES;
				CLANG_WARN_ENUM_CONVERSION = YES;
				CLANG_WARN_INFINITE_RECURSION = YES;
				CLANG_WARN_INT_CONVERSION = YES;
				CLANG_WARN_NON_LITERAL_NULL_CONVERSION = YES;
				CLANG_WARN_OBJC_LITERAL_CONVERSION = YES;
				CLANG_WARN_OBJC_ROOT_CLASS = YES_ERROR;
				CLANG_WARN_RANGE_LOOP_ANALYSIS = YES;
				CLANG_WARN_STRICT_PROTOTYPES = YES;
				CLANG_WARN_SUSPICIOUS_MOVE = YES;
				CLANG_WARN_UNGUARDED_AVAILABILITY = YES_AGGRESSIVE;
				CLANG_WARN_UNREACHABLE_CODE = YES;
				CLANG_WARN__DUPLICATE_METHOD_MATCH = YES;
				CODE_SIGN_IDENTITY = "-";
				COPY_PHASE_STRIP = NO;
				DEBUG_INFORMATION_FORMAT = dwarf;
				ENABLE_STRICT_OBJC_MSGSEND = YES;
				ENABLE_TESTABILITY = YES;
				GCC_C_LANGUAGE_STANDARD = gnu11;
				GCC_DYNAMIC_NO_PIC = NO;
				GCC_NO_COMMON_BLOCKS = YES;
				GCC_OPTIMIZATION_LEVEL = 0;
				GCC_PREPROCESSOR_DEFINITIONS = (
					"DEBUG=1",
					"$(inherited)",
				);
				GCC_WARN_64_TO_32_BIT_CONVERSION = YES;
				GCC_WARN_ABOUT_RETURN_TYPE = YES_ERROR;
				GCC_WARN_UNDECLARED_SELECTOR = YES;
				GCC_WARN_UNINITIALIZED_AUTOS = YES_AGGRESSIVE;
				GCC_WARN_UNUSED_FUNCTION = YES;
				GCC_WARN_UNUSED_VARIABLE = YES;
				MACOSX_DEPLOYMENT_TARGET = 10.13;
				MTL_ENABLE_DEBUG_INFO = YES;
				ONLY_ACTIVE_ARCH = YES;
				SDKROOT = macosx;
			};
			name = Debug;
		};
		7A722244207D3C9900AE5F2F /* Release */ = {
			isa = XCBuildConfiguration;
			buildSettings = {
				ALWAYS_SEARCH_USER_PATHS = NO;
				CLANG_ANALYZER_NONNULL = YES;
				CLANG_ANALYZER_NUMBER_OBJECT_CONVERSION = YES_AGGRESSIVE;
				CLANG_CXX_LANGUAGE_STANDARD = "gnu++14";
				CLANG_CXX_LIBRARY = "libc++";
				CLANG_ENABLE_MODULES = YES;
				CLANG_ENABLE_OBJC_ARC = YES;
				CLANG_WARN_BLOCK_CAPTURE_AUTORELEASING = YES;
				CLANG_WARN_BOOL_CONVERSION = YES;
				CLANG_WARN_COMMA = YES;
				CLANG_WARN_CONSTANT_CONVERSION = YES;
				CLANG_WARN_DIRECT_OBJC_ISA_USAGE = YES_ERROR;
				CLANG_WARN_DOCUMENTATION_COMMENTS = YES;
				CLANG_WARN_EMPTY_BODY = YES;
				CLANG_WARN_ENUM_CONVERSION = YES;
				CLANG_WARN_INFINITE_RECURSION = YES;
				CLANG_WARN_INT_CONVERSION = YES;
				CLANG_WARN_NON_LITERAL_NULL_CONVERSION = YES;
				CLANG_WARN_OBJC_LITERAL_CONVERSION = YES;
				CLANG_WARN_OBJC_ROOT_CLASS = YES_ERROR;
				CLANG_WARN_RANGE_LOOP_ANALYSIS = YES;
				CLANG_WARN_STRICT_PROTOTYPES = YES;
				CLANG_WARN_SUSPICIOUS_MOVE = YES;
				CLANG_WARN_UNGUARDED_AVAILABILITY = YES_AGGRESSIVE;
				CLANG_WARN_UNREACHABLE_CODE = YES;
				CLANG_WARN__DUPLICATE_METHOD_MATCH = YES;
				CODE_SIGN_IDENTITY = "-";
				COPY_PHASE_STRIP = NO;
				DEBUG_INFORMATION_FORMAT = "dwarf-with-dsym";
				ENABLE_NS_ASSERTIONS = NO;
				ENABLE_STRICT_OBJC_MSGSEND = YES;
				GCC_C_LANGUAGE_STANDARD = gnu11;
				GCC_NO_COMMON_BLOCKS = YES;
				GCC_WARN_64_TO_32_BIT_CONVERSION = YES;
				GCC_WARN_ABOUT_RETURN_TYPE = YES_ERROR;
				GCC_WARN_UNDECLARED_SELECTOR = YES;
				GCC_WARN_UNINITIALIZED_AUTOS = YES_AGGRESSIVE;
				GCC_WARN_UNUSED_FUNCTION = YES;
				GCC_WARN_UNUSED_VARIABLE = YES;
				MACOSX_DEPLOYMENT_TARGET = 10.13;
				MTL_ENABLE_DEBUG_INFO = NO;
				SDKROOT = macosx;
			};
			name = Release;
		};
		7A722246207D3C9900AE5F2F /* Debug */ = {
			isa = XCBuildConfiguration;
			buildSettings = {
				CODE_SIGN_STYLE = Automatic;
				PRODUCT_NAME = "$(TARGET_NAME)";
			};
			name = Debug;
		};
		7A722247207D3C9900AE5F2F /* Release */ = {
			isa = XCBuildConfiguration;
			buildSettings = {
				CODE_SIGN_STYLE = Automatic;
				PRODUCT_NAME = "$(TARGET_NAME)";
			};
			name = Release;
		};
/* End XCBuildConfiguration section */

/* Begin XCConfigurationList section */
		7A722239207D3C9900AE5F2F /* Build configuration list for PBXProject "Maths" */ = {
			isa = XCConfigurationList;
			buildConfigurations = (
				7A722243207D3C9900AE5F2F /* Debug */,
				7A722244207D3C9900AE5F2F /* Release */,
			);
			defaultConfigurationIsVisible = 0;
			defaultConfigurationName = Release;
		};
		7A722245207D3C9900AE5F2F /* Build configuration list for PBXNativeTarget "Maths" */ = {
			isa = XCConfigurationList;
			buildConfigurations = (
				7A722246207D3C9900AE5F2F /* Debug */,
				7A722247207D3C9900AE5F2F /* Release */,
			);
			defaultConfigurationIsVisible = 0;
			defaultConfigurationName = Release;
		};
/* End XCConfigurationList section */
	};
	rootObject = 7A722236207D3C9900AE5F2F /* Project object */;
}
